// !$*UTF8*$!
{
	archiveVersion = 1;
	classes = {
	};
	objectVersion = 55;
	objects = {

/* Begin PBXBuildFile section */
		2241BB30C3BF9446B5DD6717 /* Pods_KurakinTestPryaniku.framework in Frameworks */ = {isa = PBXBuildFile; fileRef = 0BEF39143EF5C1AE64B36434 /* Pods_KurakinTestPryaniku.framework */; };
		87F143472888333E006A0FC1 /* AppDelegate.swift in Sources */ = {isa = PBXBuildFile; fileRef = 87F143462888333E006A0FC1 /* AppDelegate.swift */; };
		87F143492888333E006A0FC1 /* SceneDelegate.swift in Sources */ = {isa = PBXBuildFile; fileRef = 87F143482888333E006A0FC1 /* SceneDelegate.swift */; };
		87F1434B2888333E006A0FC1 /* ViewController.swift in Sources */ = {isa = PBXBuildFile; fileRef = 87F1434A2888333E006A0FC1 /* ViewController.swift */; };
		87F1434E2888333E006A0FC1 /* Main.storyboard in Resources */ = {isa = PBXBuildFile; fileRef = 87F1434C2888333E006A0FC1 /* Main.storyboard */; };
		87F143502888333F006A0FC1 /* Assets.xcassets in Resources */ = {isa = PBXBuildFile; fileRef = 87F1434F2888333F006A0FC1 /* Assets.xcassets */; };
		87F143532888333F006A0FC1 /* LaunchScreen.storyboard in Resources */ = {isa = PBXBuildFile; fileRef = 87F143512888333F006A0FC1 /* LaunchScreen.storyboard */; };
/* End PBXBuildFile section */

/* Begin PBXFileReference section */
		0BEF39143EF5C1AE64B36434 /* Pods_KurakinTestPryaniku.framework */ = {isa = PBXFileReference; explicitFileType = wrapper.framework; includeInIndex = 0; path = Pods_KurakinTestPryaniku.framework; sourceTree = BUILT_PRODUCTS_DIR; };
		4668A97386337CB2F71E10D4 /* Pods-KurakinTestPryaniku.debug.xcconfig */ = {isa = PBXFileReference; includeInIndex = 1; lastKnownFileType = text.xcconfig; name = "Pods-KurakinTestPryaniku.debug.xcconfig"; path = "Target Support Files/Pods-KurakinTestPryaniku/Pods-KurakinTestPryaniku.debug.xcconfig"; sourceTree = "<group>"; };
		734B081D4520BADA34EEB901 /* Pods-KurakinTestPryaniku.release.xcconfig */ = {isa = PBXFileReference; includeInIndex = 1; lastKnownFileType = text.xcconfig; name = "Pods-KurakinTestPryaniku.release.xcconfig"; path = "Target Support Files/Pods-KurakinTestPryaniku/Pods-KurakinTestPryaniku.release.xcconfig"; sourceTree = "<group>"; };
		87F143432888333E006A0FC1 /* KurakinTestPryaniku.app */ = {isa = PBXFileReference; explicitFileType = wrapper.application; includeInIndex = 0; path = KurakinTestPryaniku.app; sourceTree = BUILT_PRODUCTS_DIR; };
		87F143462888333E006A0FC1 /* AppDelegate.swift */ = {isa = PBXFileReference; lastKnownFileType = sourcecode.swift; path = AppDelegate.swift; sourceTree = "<group>"; };
		87F143482888333E006A0FC1 /* SceneDelegate.swift */ = {isa = PBXFileReference; lastKnownFileType = sourcecode.swift; path = SceneDelegate.swift; sourceTree = "<group>"; };
		87F1434A2888333E006A0FC1 /* ViewController.swift */ = {isa = PBXFileReference; lastKnownFileType = sourcecode.swift; path = ViewController.swift; sourceTree = "<group>"; };
		87F1434D2888333E006A0FC1 /* Base */ = {isa = PBXFileReference; lastKnownFileType = file.storyboard; name = Base; path = Base.lproj/Main.storyboard; sourceTree = "<group>"; };
		87F1434F2888333F006A0FC1 /* Assets.xcassets */ = {isa = PBXFileReference; lastKnownFileType = folder.assetcatalog; path = Assets.xcassets; sourceTree = "<group>"; };
		87F143522888333F006A0FC1 /* Base */ = {isa = PBXFileReference; lastKnownFileType = file.storyboard; name = Base; path = Base.lproj/LaunchScreen.storyboard; sourceTree = "<group>"; };
		87F143542888333F006A0FC1 /* Info.plist */ = {isa = PBXFileReference; lastKnownFileType = text.plist.xml; path = Info.plist; sourceTree = "<group>"; };
/* End PBXFileReference section */

/* Begin PBXFrameworksBuildPhase section */
		87F143402888333E006A0FC1 /* Frameworks */ = {
			isa = PBXFrameworksBuildPhase;
			buildActionMask = 2147483647;
			files = (
				2241BB30C3BF9446B5DD6717 /* Pods_KurakinTestPryaniku.framework in Frameworks */,
			);
			runOnlyForDeploymentPostprocessing = 0;
		};
/* End PBXFrameworksBuildPhase section */

/* Begin PBXGroup section */
		87F1433A2888333E006A0FC1 = {
			isa = PBXGroup;
			children = (
				87F143452888333E006A0FC1 /* KurakinTestPryaniku */,
				87F143442888333E006A0FC1 /* Products */,
				F69B2C44CE6095175AE23546 /* Pods */,
				CE089EBB0C4B0A71319D4CE9 /* Frameworks */,
			);
			sourceTree = "<group>";
		};
		87F143442888333E006A0FC1 /* Products */ = {
			isa = PBXGroup;
			children = (
				87F143432888333E006A0FC1 /* KurakinTestPryaniku.app */,
			);
			name = Products;
			sourceTree = "<group>";
		};
		87F143452888333E006A0FC1 /* KurakinTestPryaniku */ = {
			isa = PBXGroup;
			children = (
				87F143462888333E006A0FC1 /* AppDelegate.swift */,
				87F143482888333E006A0FC1 /* SceneDelegate.swift */,
				87F1434A2888333E006A0FC1 /* ViewController.swift */,
				87F1434C2888333E006A0FC1 /* Main.storyboard */,
				87F1434F2888333F006A0FC1 /* Assets.xcassets */,
				87F143512888333F006A0FC1 /* LaunchScreen.storyboard */,
				87F143542888333F006A0FC1 /* Info.plist */,
			);
			path = KurakinTestPryaniku;
			sourceTree = "<group>";
		};
		CE089EBB0C4B0A71319D4CE9 /* Frameworks */ = {
			isa = PBXGroup;
			children = (
				0BEF39143EF5C1AE64B36434 /* Pods_KurakinTestPryaniku.framework */,
			);
			name = Frameworks;
			sourceTree = "<group>";
		};
		F69B2C44CE6095175AE23546 /* Pods */ = {
			isa = PBXGroup;
			children = (
				4668A97386337CB2F71E10D4 /* Pods-KurakinTestPryaniku.debug.xcconfig */,
				734B081D4520BADA34EEB901 /* Pods-KurakinTestPryaniku.release.xcconfig */,
			);
			name = Pods;
			path = Pods;
			sourceTree = "<group>";
		};
/* End PBXGroup section */

/* Begin PBXNativeTarget section */
		87F143422888333E006A0FC1 /* KurakinTestPryaniku */ = {
			isa = PBXNativeTarget;
			buildConfigurationList = 87F143572888333F006A0FC1 /* Build configuration list for PBXNativeTarget "KurakinTestPryaniku" */;
			buildPhases = (
				C6E700CD4C2010589CE66584 /* [CP] Check Pods Manifest.lock */,
				87F1433F2888333E006A0FC1 /* Sources */,
				87F143402888333E006A0FC1 /* Frameworks */,
				87F143412888333E006A0FC1 /* Resources */,
				71C63C3FD99708AF288B1446 /* [CP] Embed Pods Frameworks */,
			);
			buildRules = (
			);
			dependencies = (
			);
			name = KurakinTestPryaniku;
			productName = KurakinTestPryaniku;
			productReference = 87F143432888333E006A0FC1 /* KurakinTestPryaniku.app */;
			productType = "com.apple.product-type.application";
		};
/* End PBXNativeTarget section */

/* Begin PBXProject section */
		87F1433B2888333E006A0FC1 /* Project object */ = {
			isa = PBXProject;
			attributes = {
				BuildIndependentTargetsInParallel = 1;
				LastSwiftUpdateCheck = 1340;
				LastUpgradeCheck = 1340;
				TargetAttributes = {
					87F143422888333E006A0FC1 = {
						CreatedOnToolsVersion = 13.4.1;
					};
				};
			};
			buildConfigurationList = 87F1433E2888333E006A0FC1 /* Build configuration list for PBXProject "KurakinTestPryaniku" */;
			compatibilityVersion = "Xcode 13.0";
			developmentRegion = en;
			hasScannedForEncodings = 0;
			knownRegions = (
				en,
				Base,
			);
			mainGroup = 87F1433A2888333E006A0FC1;
			productRefGroup = 87F143442888333E006A0FC1 /* Products */;
			projectDirPath = "";
			projectRoot = "";
			targets = (
				87F143422888333E006A0FC1 /* KurakinTestPryaniku */,
			);
		};
/* End PBXProject section */

/* Begin PBXResourcesBuildPhase section */
		87F143412888333E006A0FC1 /* Resources */ = {
			isa = PBXResourcesBuildPhase;
			buildActionMask = 2147483647;
			files = (
				87F143532888333F006A0FC1 /* LaunchScreen.storyboard in Resources */,
				87F143502888333F006A0FC1 /* Assets.xcassets in Resources */,
				87F1434E2888333E006A0FC1 /* Main.storyboard in Resources */,
			);
			runOnlyForDeploymentPostprocessing = 0;
		};
/* End PBXResourcesBuildPhase section */

/* Begin PBXShellScriptBuildPhase section */
		71C63C3FD99708AF288B1446 /* [CP] Embed Pods Frameworks */ = {
			isa = PBXShellScriptBuildPhase;
			buildActionMask = 2147483647;
			files = (
			);
			inputFileListPaths = (
				"${PODS_ROOT}/Target Support Files/Pods-KurakinTestPryaniku/Pods-KurakinTestPryaniku-frameworks-${CONFIGURATION}-input-files.xcfilelist",
			);
			name = "[CP] Embed Pods Frameworks";
			outputFileListPaths = (
				"${PODS_ROOT}/Target Support Files/Pods-KurakinTestPryaniku/Pods-KurakinTestPryaniku-frameworks-${CONFIGURATION}-output-files.xcfilelist",
			);
			runOnlyForDeploymentPostprocessing = 0;
			shellPath = /bin/sh;
			shellScript = "\"${PODS_ROOT}/Target Support Files/Pods-KurakinTestPryaniku/Pods-KurakinTestPryaniku-frameworks.sh\"\n";
			showEnvVarsInLog = 0;
		};
		C6E700CD4C2010589CE66584 /* [CP] Check Pods Manifest.lock */ = {
			isa = PBXShellScriptBuildPhase;
			buildActionMask = 2147483647;
			files = (
			);
			inputFileListPaths = (
			);
			inputPaths = (
				"${PODS_PODFILE_DIR_PATH}/Podfile.lock",
				"${PODS_ROOT}/Manifest.lock",
			);
			name = "[CP] Check Pods Manifest.lock";
			outputFileListPaths = (
			);
			outputPaths = (
				"$(DERIVED_FILE_DIR)/Pods-KurakinTestPryaniku-checkManifestLockResult.txt",
			);
			runOnlyForDeploymentPostprocessing = 0;
			shellPath = /bin/sh;
			shellScript = "diff \"${PODS_PODFILE_DIR_PATH}/Podfile.lock\" \"${PODS_ROOT}/Manifest.lock\" > /dev/null\nif [ $? != 0 ] ; then\n    # print error to STDERR\n    echo \"error: The sandbox is not in sync with the Podfile.lock. Run 'pod install' or update your CocoaPods installation.\" >&2\n    exit 1\nfi\n# This output is used by Xcode 'outputs' to avoid re-running this script phase.\necho \"SUCCESS\" > \"${SCRIPT_OUTPUT_FILE_0}\"\n";
			showEnvVarsInLog = 0;
		};
/* End PBXShellScriptBuildPhase section */

/* Begin PBXSourcesBuildPhase section */
		87F1433F2888333E006A0FC1 /* Sources */ = {
			isa = PBXSourcesBuildPhase;
			buildActionMask = 2147483647;
			files = (
				87F1434B2888333E006A0FC1 /* ViewController.swift in Sources */,
				87F143472888333E006A0FC1 /* AppDelegate.swift in Sources */,
				87F143492888333E006A0FC1 /* SceneDelegate.swift in Sources */,
			);
			runOnlyForDeploymentPostprocessing = 0;
		};
/* End PBXSourcesBuildPhase section */

/* Begin PBXVariantGroup section */
		87F1434C2888333E006A0FC1 /* Main.storyboard */ = {
			isa = PBXVariantGroup;
			children = (
				87F1434D2888333E006A0FC1 /* Base */,
			);
			name = Main.storyboard;
			sourceTree = "<group>";
		};
		87F143512888333F006A0FC1 /* LaunchScreen.storyboard */ = {
			isa = PBXVariantGroup;
			children = (
				87F143522888333F006A0FC1 /* Base */,
			);
			name = LaunchScreen.storyboard;
			sourceTree = "<group>";
		};
/* End PBXVariantGroup section */

/* Begin XCBuildConfiguration section */
		87F143552888333F006A0FC1 /* Debug */ = {
			isa = XCBuildConfiguration;
			buildSettings = {
				ALWAYS_SEARCH_USER_PATHS = NO;
				CLANG_ANALYZER_NONNULL = YES;
				CLANG_ANALYZER_NUMBER_OBJECT_CONVERSION = YES_AGGRESSIVE;
				CLANG_CXX_LANGUAGE_STANDARD = "gnu++17";
				CLANG_ENABLE_MODULES = YES;
				CLANG_ENABLE_OBJC_ARC = YES;
				CLANG_ENABLE_OBJC_WEAK = YES;
				CLANG_WARN_BLOCK_CAPTURE_AUTORELEASING = YES;
				CLANG_WARN_BOOL_CONVERSION = YES;
				CLANG_WARN_COMMA = YES;
				CLANG_WARN_CONSTANT_CONVERSION = YES;
				CLANG_WARN_DEPRECATED_OBJC_IMPLEMENTATIONS = YES;
				CLANG_WARN_DIRECT_OBJC_ISA_USAGE = YES_ERROR;
				CLANG_WARN_DOCUMENTATION_COMMENTS = YES;
				CLANG_WARN_EMPTY_BODY = YES;
				CLANG_WARN_ENUM_CONVERSION = YES;
				CLANG_WARN_INFINITE_RECURSION = YES;
				CLANG_WARN_INT_CONVERSION = YES;
				CLANG_WARN_NON_LITERAL_NULL_CONVERSION = YES;
				CLANG_WARN_OBJC_IMPLICIT_RETAIN_SELF = YES;
				CLANG_WARN_OBJC_LITERAL_CONVERSION = YES;
				CLANG_WARN_OBJC_ROOT_CLASS = YES_ERROR;
				CLANG_WARN_QUOTED_INCLUDE_IN_FRAMEWORK_HEADER = YES;
				CLANG_WARN_RANGE_LOOP_ANALYSIS = YES;
				CLANG_WARN_STRICT_PROTOTYPES = YES;
				CLANG_WARN_SUSPICIOUS_MOVE = YES;
				CLANG_WARN_UNGUARDED_AVAILABILITY = YES_AGGRESSIVE;
				CLANG_WARN_UNREACHABLE_CODE = YES;
				CLANG_WARN__DUPLICATE_METHOD_MATCH = YES;
				COPY_PHASE_STRIP = NO;
				DEBUG_INFORMATION_FORMAT = dwarf;
				ENABLE_STRICT_OBJC_MSGSEND = YES;
				ENABLE_TESTABILITY = YES;
				GCC_C_LANGUAGE_STANDARD = gnu11;
				GCC_DYNAMIC_NO_PIC = NO;
				GCC_NO_COMMON_BLOCKS = YES;
				GCC_OPTIMIZATION_LEVEL = 0;
				GCC_PREPROCESSOR_DEFINITIONS = (
					"DEBUG=1",
					"$(inherited)",
				);
				GCC_WARN_64_TO_32_BIT_CONVERSION = YES;
				GCC_WARN_ABOUT_RETURN_TYPE = YES_ERROR;
				GCC_WARN_UNDECLARED_SELECTOR = YES;
				GCC_WARN_UNINITIALIZED_AUTOS = YES_AGGRESSIVE;
				GCC_WARN_UNUSED_FUNCTION = YES;
				GCC_WARN_UNUSED_VARIABLE = YES;
				IPHONEOS_DEPLOYMENT_TARGET = 15.5;
				MTL_ENABLE_DEBUG_INFO = INCLUDE_SOURCE;
				MTL_FAST_MATH = YES;
				ONLY_ACTIVE_ARCH = YES;
				SDKROOT = iphoneos;
				SWIFT_ACTIVE_COMPILATION_CONDITIONS = DEBUG;
				SWIFT_OPTIMIZATION_LEVEL = "-Onone";
			};
			name = Debug;
		};
		87F143562888333F006A0FC1 /* Release */ = {
			isa = XCBuildConfiguration;
			buildSettings = {
				ALWAYS_SEARCH_USER_PATHS = NO;
				CLANG_ANALYZER_NONNULL = YES;
				CLANG_ANALYZER_NUMBER_OBJECT_CONVERSION = YES_AGGRESSIVE;
				CLANG_CXX_LANGUAGE_STANDARD = "gnu++17";
				CLANG_ENABLE_MODULES = YES;
				CLANG_ENABLE_OBJC_ARC = YES;
				CLANG_ENABLE_OBJC_WEAK = YES;
				CLANG_WARN_BLOCK_CAPTURE_AUTORELEASING = YES;
				CLANG_WARN_BOOL_CONVERSION = YES;
				CLANG_WARN_COMMA = YES;
				CLANG_WARN_CONSTANT_CONVERSION = YES;
				CLANG_WARN_DEPRECATED_OBJC_IMPLEMENTATIONS = YES;
				CLANG_WARN_DIRECT_OBJC_ISA_USAGE = YES_ERROR;
				CLANG_WARN_DOCUMENTATION_COMMENTS = YES;
				CLANG_WARN_EMPTY_BODY = YES;
				CLANG_WARN_ENUM_CONVERSION = YES;
				CLANG_WARN_INFINITE_RECURSION = YES;
				CLANG_WARN_INT_CONVERSION = YES;
				CLANG_WARN_NON_LITERAL_NULL_CONVERSION = YES;
				CLANG_WARN_OBJC_IMPLICIT_RETAIN_SELF = YES;
				CLANG_WARN_OBJC_LITERAL_CONVERSION = YES;
				CLANG_WARN_OBJC_ROOT_CLASS = YES_ERROR;
				CLANG_WARN_QUOTED_INCLUDE_IN_FRAMEWORK_HEADER = YES;
				CLANG_WARN_RANGE_LOOP_ANALYSIS = YES;
				CLANG_WARN_STRICT_PROTOTYPES = YES;
				CLANG_WARN_SUSPICIOUS_MOVE = YES;
				CLANG_WARN_UNGUARDED_AVAILABILITY = YES_AGGRESSIVE;
				CLANG_WARN_UNREACHABLE_CODE = YES;
				CLANG_WARN__DUPLICATE_METHOD_MATCH = YES;
				COPY_PHASE_STRIP = NO;
				DEBUG_INFORMATION_FORMAT = "dwarf-with-dsym";
				ENABLE_NS_ASSERTIONS = NO;
				ENABLE_STRICT_OBJC_MSGSEND = YES;
				GCC_C_LANGUAGE_STANDARD = gnu11;
				GCC_NO_COMMON_BLOCKS = YES;
				GCC_WARN_64_TO_32_BIT_CONVERSION = YES;
				GCC_WARN_ABOUT_RETURN_TYPE = YES_ERROR;
				GCC_WARN_UNDECLARED_SELECTOR = YES;
				GCC_WARN_UNINITIALIZED_AUTOS = YES_AGGRESSIVE;
				GCC_WARN_UNUSED_FUNCTION = YES;
				GCC_WARN_UNUSED_VARIABLE = YES;
				IPHONEOS_DEPLOYMENT_TARGET = 15.5;
				MTL_ENABLE_DEBUG_INFO = NO;
				MTL_FAST_MATH = YES;
				SDKROOT = iphoneos;
				SWIFT_COMPILATION_MODE = wholemodule;
				SWIFT_OPTIMIZATION_LEVEL = "-O";
				VALIDATE_PRODUCT = YES;
			};
			name = Release;
		};
		87F143582888333F006A0FC1 /* Debug */ = {
			isa = XCBuildConfiguration;
			baseConfigurationReference = 4668A97386337CB2F71E10D4 /* Pods-KurakinTestPryaniku.debug.xcconfig */;
			buildSettings = {
				ASSETCATALOG_COMPILER_APPICON_NAME = AppIcon;
				ASSETCATALOG_COMPILER_GLOBAL_ACCENT_COLOR_NAME = AccentColor;
				CODE_SIGN_STYLE = Automatic;
				CURRENT_PROJECT_VERSION = 1;
				DEVELOPMENT_TEAM = HDHD4AMNPT;
				GENERATE_INFOPLIST_FILE = YES;
				INFOPLIST_FILE = KurakinTestPryaniku/Info.plist;
				INFOPLIST_KEY_UIApplicationSupportsIndirectInputEvents = YES;
				INFOPLIST_KEY_UILaunchStoryboardName = LaunchScreen;
				INFOPLIST_KEY_UIMainStoryboardFile = Main;
				INFOPLIST_KEY_UISupportedInterfaceOrientations_iPad = "UIInterfaceOrientationPortrait UIInterfaceOrientationPortraitUpsideDown UIInterfaceOrientationLandscapeLeft UIInterfaceOrientationLandscapeRight";
				INFOPLIST_KEY_UISupportedInterfaceOrientations_iPhone = "UIInterfaceOrientationPortrait UIInterfaceOrientationLandscapeLeft UIInterfaceOrientationLandscapeRight";
				LD_RUNPATH_SEARCH_PATHS = (
					"$(inherited)",
					"@executable_path/Frameworks",
				);
				MARKETING_VERSION = 1.0;
				PRODUCT_BUNDLE_IDENTIFIER = com.home.KurakinTestPryaniku;
				PRODUCT_NAME = "$(TARGET_NAME)";
				SWIFT_EMIT_LOC_STRINGS = YES;
				SWIFT_VERSION = 5.0;
				TARGETED_DEVICE_FAMILY = "1,2";
			};
			name = Debug;
		};
		87F143592888333F006A0FC1 /* Release */ = {
			isa = XCBuildConfiguration;
			baseConfigurationReference = 734B081D4520BADA34EEB901 /* Pods-KurakinTestPryaniku.release.xcconfig */;
			buildSettings = {
				ASSETCATALOG_COMPILER_APPICON_NAME = AppIcon;
				ASSETCATALOG_COMPILER_GLOBAL_ACCENT_COLOR_NAME = AccentColor;
				CODE_SIGN_STYLE = Automatic;
				CURRENT_PROJECT_VERSION = 1;
				DEVELOPMENT_TEAM = HDHD4AMNPT;
				GENERATE_INFOPLIST_FILE = YES;
				INFOPLIST_FILE = KurakinTestPryaniku/Info.plist;
				INFOPLIST_KEY_UIApplicationSupportsIndirectInputEvents = YES;
				INFOPLIST_KEY_UILaunchStoryboardName = LaunchScreen;
				INFOPLIST_KEY_UIMainStoryboardFile = Main;
				INFOPLIST_KEY_UISupportedInterfaceOrientations_iPad = "UIInterfaceOrientationPortrait UIInterfaceOrientationPortraitUpsideDown UIInterfaceOrientationLandscapeLeft UIInterfaceOrientationLandscapeRight";
				INFOPLIST_KEY_UISupportedInterfaceOrientations_iPhone = "UIInterfaceOrientationPortrait UIInterfaceOrientationLandscapeLeft UIInterfaceOrientationLandscapeRight";
				LD_RUNPATH_SEARCH_PATHS = (
					"$(inherited)",
					"@executable_path/Frameworks",
				);
				MARKETING_VERSION = 1.0;
				PRODUCT_BUNDLE_IDENTIFIER = com.home.KurakinTestPryaniku;
				PRODUCT_NAME = "$(TARGET_NAME)";
				SWIFT_EMIT_LOC_STRINGS = YES;
				SWIFT_VERSION = 5.0;
				TARGETED_DEVICE_FAMILY = "1,2";
			};
			name = Release;
		};
/* End XCBuildConfiguration section */

/* Begin XCConfigurationList section */
		87F1433E2888333E006A0FC1 /* Build configuration list for PBXProject "KurakinTestPryaniku" */ = {
			isa = XCConfigurationList;
			buildConfigurations = (
				87F143552888333F006A0FC1 /* Debug */,
				87F143562888333F006A0FC1 /* Release */,
			);
			defaultConfigurationIsVisible = 0;
			defaultConfigurationName = Release;
		};
		87F143572888333F006A0FC1 /* Build configuration list for PBXNativeTarget "KurakinTestPryaniku" */ = {
			isa = XCConfigurationList;
			buildConfigurations = (
				87F143582888333F006A0FC1 /* Debug */,
				87F143592888333F006A0FC1 /* Release */,
			);
			defaultConfigurationIsVisible = 0;
			defaultConfigurationName = Release;
		};
/* End XCConfigurationList section */
	};
	rootObject = 87F1433B2888333E006A0FC1 /* Project object */;
}
